// !$*UTF8*$!
{
	archiveVersion = 1;
	classes = {
	};
	objectVersion = 46;
	objects = {

/* Begin PBXBuildFile section */
		2ED0406F2C1A92E358CC9132 /* Pods_MarketRush.framework in Frameworks */ = {isa = PBXBuildFile; fileRef = 18AB0E9FC981C5FE2E9BF028 /* Pods_MarketRush.framework */; };
		E81F04281E5AD30A006E9AED /* Main.storyboard in Resources */ = {isa = PBXBuildFile; fileRef = E81F04271E5AD30A006E9AED /* Main.storyboard */; };
		E8BB834F1E60CCBA00DBDB8E /* ViewController 05-17-16-786.swift in Sources */ = {isa = PBXBuildFile; fileRef = E8BB834E1E60CCBA00DBDB8E /* ViewController 05-17-16-786.swift */; };
		E8EE4FC51E540678007E3667 /* AppDelegate.swift in Sources */ = {isa = PBXBuildFile; fileRef = E8EE4FC41E540678007E3667 /* AppDelegate.swift */; };
		E8EE4FCC1E540678007E3667 /* Assets.xcassets in Resources */ = {isa = PBXBuildFile; fileRef = E8EE4FCB1E540678007E3667 /* Assets.xcassets */; };
		E8EE4FCF1E540678007E3667 /* LaunchScreen.storyboard in Resources */ = {isa = PBXBuildFile; fileRef = E8EE4FCD1E540678007E3667 /* LaunchScreen.storyboard */; };
		E8FBE1A21E6346CB00418D82 /* Item.swift in Sources */ = {isa = PBXBuildFile; fileRef = E8FBE19E1E6346CB00418D82 /* Item.swift */; };
		E8FBE1A31E6346CB00418D82 /* ListofItems.swift in Sources */ = {isa = PBXBuildFile; fileRef = E8FBE19F1E6346CB00418D82 /* ListofItems.swift */; };
		E8FBE1A41E6346CB00418D82 /* Query.swift in Sources */ = {isa = PBXBuildFile; fileRef = E8FBE1A01E6346CB00418D82 /* Query.swift */; };
		E8FBE1A51E6346CB00418D82 /* TodayProduct.swift in Sources */ = {isa = PBXBuildFile; fileRef = E8FBE1A11E6346CB00418D82 /* TodayProduct.swift */; };
		E8FBE1A91E63471900418D82 /* Constants.swift in Sources */ = {isa = PBXBuildFile; fileRef = E8FBE1A71E63471900418D82 /* Constants.swift */; };
		E8FBE1AA1E63471900418D82 /* DataController.swift in Sources */ = {isa = PBXBuildFile; fileRef = E8FBE1A81E63471900418D82 /* DataController.swift */; };
		E8FBE1E41E63481A00418D82 /* bread150.png in Resources */ = {isa = PBXBuildFile; fileRef = E8FBE1D31E63481A00418D82 /* bread150.png */; };
		E8FBE1E51E63481A00418D82 /* cereal150.png in Resources */ = {isa = PBXBuildFile; fileRef = E8FBE1D41E63481A00418D82 /* cereal150.png */; };
		E8FBE1E61E63481A00418D82 /* chicken.png in Resources */ = {isa = PBXBuildFile; fileRef = E8FBE1D51E63481A00418D82 /* chicken.png */; };
		E8FBE1E71E63481A00418D82 /* dairy150.png in Resources */ = {isa = PBXBuildFile; fileRef = E8FBE1D61E63481A00418D82 /* dairy150.png */; };
		E8FBE1E81E63481A00418D82 /* drink150.png in Resources */ = {isa = PBXBuildFile; fileRef = E8FBE1D71E63481A00418D82 /* drink150.png */; };
		E8FBE1E91E63481A00418D82 /* fruits150.png in Resources */ = {isa = PBXBuildFile; fileRef = E8FBE1D81E63481A00418D82 /* fruits150.png */; };
		E8FBE1EA1E63481A00418D82 /* juice.png in Resources */ = {isa = PBXBuildFile; fileRef = E8FBE1D91E63481A00418D82 /* juice.png */; };
		E8FBE1EB1E63481A00418D82 /* meat150.png in Resources */ = {isa = PBXBuildFile; fileRef = E8FBE1DA1E63481A00418D82 /* meat150.png */; };
		E8FBE1EC1E63481A00418D82 /* namul.png in Resources */ = {isa = PBXBuildFile; fileRef = E8FBE1DB1E63481A00418D82 /* namul.png */; };
		E8FBE1ED1E63481A00418D82 /* noodles.png in Resources */ = {isa = PBXBuildFile; fileRef = E8FBE1DC1E63481A00418D82 /* noodles.png */; };
		E8FBE1EE1E63481A00418D82 /* nuts150.png in Resources */ = {isa = PBXBuildFile; fileRef = E8FBE1DD1E63481A00418D82 /* nuts150.png */; };
		E8FBE1EF1E63481A00418D82 /* oil150.png in Resources */ = {isa = PBXBuildFile; fileRef = E8FBE1DE1E63481A00418D82 /* oil150.png */; };
		E8FBE1F01E63481A00418D82 /* rice.png in Resources */ = {isa = PBXBuildFile; fileRef = E8FBE1DF1E63481A00418D82 /* rice.png */; };
		E8FBE1F11E63481A00418D82 /* rice150.png in Resources */ = {isa = PBXBuildFile; fileRef = E8FBE1E01E63481A00418D82 /* rice150.png */; };
		E8FBE1F21E63481A00418D82 /* shopping-cart.png in Resources */ = {isa = PBXBuildFile; fileRef = E8FBE1E11E63481A00418D82 /* shopping-cart.png */; };
		E8FBE1F31E63481A00418D82 /* strawberry.png in Resources */ = {isa = PBXBuildFile; fileRef = E8FBE1E21E63481A00418D82 /* strawberry.png */; };
		E8FBE1F41E63481A00418D82 /* vege150.png in Resources */ = {isa = PBXBuildFile; fileRef = E8FBE1E31E63481A00418D82 /* vege150.png */; };
		E8FBE2041E63484F00418D82 /* CategoryCustomHeaderCell.swift in Sources */ = {isa = PBXBuildFile; fileRef = E8FBE1F71E63484F00418D82 /* CategoryCustomHeaderCell.swift */; };
		E8FBE2051E63484F00418D82 /* CategoryTableViewCell.swift in Sources */ = {isa = PBXBuildFile; fileRef = E8FBE1F81E63484F00418D82 /* CategoryTableViewCell.swift */; };
		E8FBE2061E63484F00418D82 /* TodayProductCollectionCell.swift in Sources */ = {isa = PBXBuildFile; fileRef = E8FBE1F91E63484F00418D82 /* TodayProductCollectionCell.swift */; };
		E8FBE2071E63484F00418D82 /* TodayProductTableViewCell.swift in Sources */ = {isa = PBXBuildFile; fileRef = E8FBE1FA1E63484F00418D82 /* TodayProductTableViewCell.swift */; };
		E8FBE2081E63484F00418D82 /* DetailDescriptionTableViewCell.swift in Sources */ = {isa = PBXBuildFile; fileRef = E8FBE1FC1E63484F00418D82 /* DetailDescriptionTableViewCell.swift */; };
		E8FBE2091E63484F00418D82 /* DetailImageTableViewCell.swift in Sources */ = {isa = PBXBuildFile; fileRef = E8FBE1FD1E63484F00418D82 /* DetailImageTableViewCell.swift */; };
		E8FBE20A1E63484F00418D82 /* DetailShoppingListTableViewCell.swift in Sources */ = {isa = PBXBuildFile; fileRef = E8FBE1FF1E63484F00418D82 /* DetailShoppingListTableViewCell.swift */; };
		E8FBE20B1E63484F00418D82 /* SubCategoryCollectionViewCell.swift in Sources */ = {isa = PBXBuildFile; fileRef = E8FBE2011E63484F00418D82 /* SubCategoryCollectionViewCell.swift */; };
		E8FBE20C1E63484F00418D82 /* SubCategoryHeaderCollectionReusableView.swift in Sources */ = {isa = PBXBuildFile; fileRef = E8FBE2021E63484F00418D82 /* SubCategoryHeaderCollectionReusableView.swift */; };
		E8FBE20D1E63484F00418D82 /* TableViewCell.swift in Sources */ = {isa = PBXBuildFile; fileRef = E8FBE2031E63484F00418D82 /* TableViewCell.swift */; };
		E8FBE2181E63486400418D82 /* CategoryViewTableViewController.swift in Sources */ = {isa = PBXBuildFile; fileRef = E8FBE2101E63486400418D82 /* CategoryViewTableViewController.swift */; };
		E8FBE2191E63486400418D82 /* ProductDetailViewController.swift in Sources */ = {isa = PBXBuildFile; fileRef = E8FBE2121E63486400418D82 /* ProductDetailViewController.swift */; };
		E8FBE21A1E63486400418D82 /* DetailShoppingListViewController.swift in Sources */ = {isa = PBXBuildFile; fileRef = E8FBE2141E63486400418D82 /* DetailShoppingListViewController.swift */; };
		E8FBE21B1E63486400418D82 /* SubCategoryCollectionViewController.swift in Sources */ = {isa = PBXBuildFile; fileRef = E8FBE2161E63486400418D82 /* SubCategoryCollectionViewController.swift */; };
		E8FBE21C1E63486400418D82 /* TodayProductTableViewController.swift in Sources */ = {isa = PBXBuildFile; fileRef = E8FBE2171E63486400418D82 /* TodayProductTableViewController.swift */; };
/* End PBXBuildFile section */

/* Begin PBXFileReference section */
		18AB0E9FC981C5FE2E9BF028 /* Pods_MarketRush.framework */ = {isa = PBXFileReference; explicitFileType = wrapper.framework; includeInIndex = 0; path = Pods_MarketRush.framework; sourceTree = BUILT_PRODUCTS_DIR; };
		1915AC7D66431D364CD5AC24 /* Pods-MarketRush.debug.xcconfig */ = {isa = PBXFileReference; includeInIndex = 1; lastKnownFileType = text.xcconfig; name = "Pods-MarketRush.debug.xcconfig"; path = "Pods/Target Support Files/Pods-MarketRush/Pods-MarketRush.debug.xcconfig"; sourceTree = "<group>"; };
		AAFE5E9FA89BD6C318B8EE2A /* Pods-MarketRush.release.xcconfig */ = {isa = PBXFileReference; includeInIndex = 1; lastKnownFileType = text.xcconfig; name = "Pods-MarketRush.release.xcconfig"; path = "Pods/Target Support Files/Pods-MarketRush/Pods-MarketRush.release.xcconfig"; sourceTree = "<group>"; };
		E81F04271E5AD30A006E9AED /* Main.storyboard */ = {isa = PBXFileReference; fileEncoding = 4; lastKnownFileType = file.storyboard; path = Main.storyboard; sourceTree = "<group>"; };
		E8BB834E1E60CCBA00DBDB8E /* ViewController 05-17-16-786.swift */ = {isa = PBXFileReference; fileEncoding = 4; lastKnownFileType = sourcecode.swift; path = "ViewController 05-17-16-786.swift"; sourceTree = "<group>"; };
		E8EE4FC11E540678007E3667 /* MarketRush.app */ = {isa = PBXFileReference; explicitFileType = wrapper.application; includeInIndex = 0; path = MarketRush.app; sourceTree = BUILT_PRODUCTS_DIR; };
		E8EE4FC41E540678007E3667 /* AppDelegate.swift */ = {isa = PBXFileReference; lastKnownFileType = sourcecode.swift; path = AppDelegate.swift; sourceTree = "<group>"; };
		E8EE4FCB1E540678007E3667 /* Assets.xcassets */ = {isa = PBXFileReference; lastKnownFileType = folder.assetcatalog; path = Assets.xcassets; sourceTree = "<group>"; };
		E8EE4FCE1E540678007E3667 /* Base */ = {isa = PBXFileReference; lastKnownFileType = file.storyboard; name = Base; path = Base.lproj/LaunchScreen.storyboard; sourceTree = "<group>"; };
		E8EE4FD01E540678007E3667 /* Info.plist */ = {isa = PBXFileReference; lastKnownFileType = text.plist.xml; path = Info.plist; sourceTree = "<group>"; };
		E8FBE19E1E6346CB00418D82 /* Item.swift */ = {isa = PBXFileReference; fileEncoding = 4; lastKnownFileType = sourcecode.swift; path = Item.swift; sourceTree = "<group>"; };
		E8FBE19F1E6346CB00418D82 /* ListofItems.swift */ = {isa = PBXFileReference; fileEncoding = 4; lastKnownFileType = sourcecode.swift; path = ListofItems.swift; sourceTree = "<group>"; };
		E8FBE1A01E6346CB00418D82 /* Query.swift */ = {isa = PBXFileReference; fileEncoding = 4; lastKnownFileType = sourcecode.swift; path = Query.swift; sourceTree = "<group>"; };
		E8FBE1A11E6346CB00418D82 /* TodayProduct.swift */ = {isa = PBXFileReference; fileEncoding = 4; lastKnownFileType = sourcecode.swift; path = TodayProduct.swift; sourceTree = "<group>"; };
		E8FBE1A71E63471900418D82 /* Constants.swift */ = {isa = PBXFileReference; fileEncoding = 4; lastKnownFileType = sourcecode.swift; path = Constants.swift; sourceTree = "<group>"; };
		E8FBE1A81E63471900418D82 /* DataController.swift */ = {isa = PBXFileReference; fileEncoding = 4; lastKnownFileType = sourcecode.swift; path = DataController.swift; sourceTree = "<group>"; };
		E8FBE1D31E63481A00418D82 /* bread150.png */ = {isa = PBXFileReference; lastKnownFileType = image.png; path = bread150.png; sourceTree = "<group>"; };
		E8FBE1D41E63481A00418D82 /* cereal150.png */ = {isa = PBXFileReference; lastKnownFileType = image.png; path = cereal150.png; sourceTree = "<group>"; };
		E8FBE1D51E63481A00418D82 /* chicken.png */ = {isa = PBXFileReference; lastKnownFileType = image.png; path = chicken.png; sourceTree = "<group>"; };
		E8FBE1D61E63481A00418D82 /* dairy150.png */ = {isa = PBXFileReference; lastKnownFileType = image.png; path = dairy150.png; sourceTree = "<group>"; };
		E8FBE1D71E63481A00418D82 /* drink150.png */ = {isa = PBXFileReference; lastKnownFileType = image.png; path = drink150.png; sourceTree = "<group>"; };
		E8FBE1D81E63481A00418D82 /* fruits150.png */ = {isa = PBXFileReference; lastKnownFileType = image.png; path = fruits150.png; sourceTree = "<group>"; };
		E8FBE1D91E63481A00418D82 /* juice.png */ = {isa = PBXFileReference; lastKnownFileType = image.png; path = juice.png; sourceTree = "<group>"; };
		E8FBE1DA1E63481A00418D82 /* meat150.png */ = {isa = PBXFileReference; lastKnownFileType = image.png; path = meat150.png; sourceTree = "<group>"; };
		E8FBE1DB1E63481A00418D82 /* namul.png */ = {isa = PBXFileReference; lastKnownFileType = image.png; path = namul.png; sourceTree = "<group>"; };
		E8FBE1DC1E63481A00418D82 /* noodles.png */ = {isa = PBXFileReference; lastKnownFileType = image.png; path = noodles.png; sourceTree = "<group>"; };
		E8FBE1DD1E63481A00418D82 /* nuts150.png */ = {isa = PBXFileReference; lastKnownFileType = image.png; path = nuts150.png; sourceTree = "<group>"; };
		E8FBE1DE1E63481A00418D82 /* oil150.png */ = {isa = PBXFileReference; lastKnownFileType = image.png; path = oil150.png; sourceTree = "<group>"; };
		E8FBE1DF1E63481A00418D82 /* rice.png */ = {isa = PBXFileReference; lastKnownFileType = image.png; path = rice.png; sourceTree = "<group>"; };
		E8FBE1E01E63481A00418D82 /* rice150.png */ = {isa = PBXFileReference; lastKnownFileType = image.png; path = rice150.png; sourceTree = "<group>"; };
		E8FBE1E11E63481A00418D82 /* shopping-cart.png */ = {isa = PBXFileReference; lastKnownFileType = image.png; path = "shopping-cart.png"; sourceTree = "<group>"; };
		E8FBE1E21E63481A00418D82 /* strawberry.png */ = {isa = PBXFileReference; lastKnownFileType = image.png; path = strawberry.png; sourceTree = "<group>"; };
		E8FBE1E31E63481A00418D82 /* vege150.png */ = {isa = PBXFileReference; lastKnownFileType = image.png; path = vege150.png; sourceTree = "<group>"; };
		E8FBE1F71E63484F00418D82 /* CategoryCustomHeaderCell.swift */ = {isa = PBXFileReference; fileEncoding = 4; lastKnownFileType = sourcecode.swift; path = CategoryCustomHeaderCell.swift; sourceTree = "<group>"; };
		E8FBE1F81E63484F00418D82 /* CategoryTableViewCell.swift */ = {isa = PBXFileReference; fileEncoding = 4; lastKnownFileType = sourcecode.swift; path = CategoryTableViewCell.swift; sourceTree = "<group>"; };
		E8FBE1F91E63484F00418D82 /* TodayProductCollectionCell.swift */ = {isa = PBXFileReference; fileEncoding = 4; lastKnownFileType = sourcecode.swift; path = TodayProductCollectionCell.swift; sourceTree = "<group>"; };
		E8FBE1FA1E63484F00418D82 /* TodayProductTableViewCell.swift */ = {isa = PBXFileReference; fileEncoding = 4; lastKnownFileType = sourcecode.swift; path = TodayProductTableViewCell.swift; sourceTree = "<group>"; };
		E8FBE1FC1E63484F00418D82 /* DetailDescriptionTableViewCell.swift */ = {isa = PBXFileReference; fileEncoding = 4; lastKnownFileType = sourcecode.swift; path = DetailDescriptionTableViewCell.swift; sourceTree = "<group>"; };
		E8FBE1FD1E63484F00418D82 /* DetailImageTableViewCell.swift */ = {isa = PBXFileReference; fileEncoding = 4; lastKnownFileType = sourcecode.swift; path = DetailImageTableViewCell.swift; sourceTree = "<group>"; };
		E8FBE1FF1E63484F00418D82 /* DetailShoppingListTableViewCell.swift */ = {isa = PBXFileReference; fileEncoding = 4; lastKnownFileType = sourcecode.swift; path = DetailShoppingListTableViewCell.swift; sourceTree = "<group>"; };
		E8FBE2011E63484F00418D82 /* SubCategoryCollectionViewCell.swift */ = {isa = PBXFileReference; fileEncoding = 4; lastKnownFileType = sourcecode.swift; path = SubCategoryCollectionViewCell.swift; sourceTree = "<group>"; };
		E8FBE2021E63484F00418D82 /* SubCategoryHeaderCollectionReusableView.swift */ = {isa = PBXFileReference; fileEncoding = 4; lastKnownFileType = sourcecode.swift; path = SubCategoryHeaderCollectionReusableView.swift; sourceTree = "<group>"; };
		E8FBE2031E63484F00418D82 /* TableViewCell.swift */ = {isa = PBXFileReference; fileEncoding = 4; lastKnownFileType = sourcecode.swift; path = TableViewCell.swift; sourceTree = "<group>"; };
		E8FBE2101E63486400418D82 /* CategoryViewTableViewController.swift */ = {isa = PBXFileReference; fileEncoding = 4; lastKnownFileType = sourcecode.swift; path = CategoryViewTableViewController.swift; sourceTree = "<group>"; };
		E8FBE2121E63486400418D82 /* ProductDetailViewController.swift */ = {isa = PBXFileReference; fileEncoding = 4; lastKnownFileType = sourcecode.swift; path = ProductDetailViewController.swift; sourceTree = "<group>"; };
		E8FBE2141E63486400418D82 /* DetailShoppingListViewController.swift */ = {isa = PBXFileReference; fileEncoding = 4; lastKnownFileType = sourcecode.swift; path = DetailShoppingListViewController.swift; sourceTree = "<group>"; };
		E8FBE2161E63486400418D82 /* SubCategoryCollectionViewController.swift */ = {isa = PBXFileReference; fileEncoding = 4; lastKnownFileType = sourcecode.swift; path = SubCategoryCollectionViewController.swift; sourceTree = "<group>"; };
		E8FBE2171E63486400418D82 /* TodayProductTableViewController.swift */ = {isa = PBXFileReference; fileEncoding = 4; lastKnownFileType = sourcecode.swift; path = TodayProductTableViewController.swift; sourceTree = "<group>"; };
/* End PBXFileReference section */

/* Begin PBXFrameworksBuildPhase section */
		E8EE4FBE1E540678007E3667 /* Frameworks */ = {
			isa = PBXFrameworksBuildPhase;
			buildActionMask = 2147483647;
			files = (
				2ED0406F2C1A92E358CC9132 /* Pods_MarketRush.framework in Frameworks */,
			);
			runOnlyForDeploymentPostprocessing = 0;
		};
/* End PBXFrameworksBuildPhase section */

/* Begin PBXGroup section */
		8A37C4F4FA967E8683450A57 /* Frameworks */ = {
			isa = PBXGroup;
			children = (
				18AB0E9FC981C5FE2E9BF028 /* Pods_MarketRush.framework */,
			);
			name = Frameworks;
			sourceTree = "<group>";
		};
		C352DCBA2BC94499A10DA206 /* Pods */ = {
			isa = PBXGroup;
			children = (
				1915AC7D66431D364CD5AC24 /* Pods-MarketRush.debug.xcconfig */,
				AAFE5E9FA89BD6C318B8EE2A /* Pods-MarketRush.release.xcconfig */,
			);
			name = Pods;
			sourceTree = "<group>";
		};
		E8EE4FB81E540678007E3667 = {
			isa = PBXGroup;
			children = (
				E8EE4FC31E540678007E3667 /* MarketRush */,
				E8EE4FC21E540678007E3667 /* Products */,
				C352DCBA2BC94499A10DA206 /* Pods */,
				8A37C4F4FA967E8683450A57 /* Frameworks */,
			);
			sourceTree = "<group>";
		};
		E8EE4FC21E540678007E3667 /* Products */ = {
			isa = PBXGroup;
			children = (
				E8EE4FC11E540678007E3667 /* MarketRush.app */,
			);
			name = Products;
			sourceTree = "<group>";
		};
		E8EE4FC31E540678007E3667 /* MarketRush */ = {
			isa = PBXGroup;
			children = (
				E8FBE20E1E63486400418D82 /* Controller */,
				E8FBE1F51E63484F00418D82 /* View */,
				E8FBE1D11E63481A00418D82 /* Resources */,
				E8FBE1A61E63471900418D82 /* Data */,
				E8FBE19D1E6346CB00418D82 /* Model */,
				E8EE4FC41E540678007E3667 /* AppDelegate.swift */,
				E81F04271E5AD30A006E9AED /* Main.storyboard */,
				E8BB834E1E60CCBA00DBDB8E /* ViewController 05-17-16-786.swift */,
				E8EE4FCB1E540678007E3667 /* Assets.xcassets */,
				E8EE4FCD1E540678007E3667 /* LaunchScreen.storyboard */,
				E8EE4FD01E540678007E3667 /* Info.plist */,
			);
			path = MarketRush;
			sourceTree = "<group>";
		};
		E8FBE19D1E6346CB00418D82 /* Model */ = {
			isa = PBXGroup;
			children = (
				E8FBE19E1E6346CB00418D82 /* Item.swift */,
				E8FBE19F1E6346CB00418D82 /* ListofItems.swift */,
				E8FBE1A01E6346CB00418D82 /* Query.swift */,
				E8FBE1A11E6346CB00418D82 /* TodayProduct.swift */,
			);
			path = Model;
			sourceTree = "<group>";
		};
		E8FBE1A61E63471900418D82 /* Data */ = {
			isa = PBXGroup;
			children = (
				E8FBE1A71E63471900418D82 /* Constants.swift */,
				E8FBE1A81E63471900418D82 /* DataController.swift */,
			);
			path = Data;
			sourceTree = "<group>";
		};
		E8FBE1D11E63481A00418D82 /* Resources */ = {
			isa = PBXGroup;
			children = (
				E8FBE1D21E63481A00418D82 /* Pictures */,
			);
			path = Resources;
			sourceTree = "<group>";
		};
		E8FBE1D21E63481A00418D82 /* Pictures */ = {
			isa = PBXGroup;
			children = (
				E8FBE1D31E63481A00418D82 /* bread150.png */,
				E8FBE1D41E63481A00418D82 /* cereal150.png */,
				E8FBE1D51E63481A00418D82 /* chicken.png */,
				E8FBE1D61E63481A00418D82 /* dairy150.png */,
				E8FBE1D71E63481A00418D82 /* drink150.png */,
				E8FBE1D81E63481A00418D82 /* fruits150.png */,
				E8FBE1D91E63481A00418D82 /* juice.png */,
				E8FBE1DA1E63481A00418D82 /* meat150.png */,
				E8FBE1DB1E63481A00418D82 /* namul.png */,
				E8FBE1DC1E63481A00418D82 /* noodles.png */,
				E8FBE1DD1E63481A00418D82 /* nuts150.png */,
				E8FBE1DE1E63481A00418D82 /* oil150.png */,
				E8FBE1DF1E63481A00418D82 /* rice.png */,
				E8FBE1E01E63481A00418D82 /* rice150.png */,
				E8FBE1E11E63481A00418D82 /* shopping-cart.png */,
				E8FBE1E21E63481A00418D82 /* strawberry.png */,
				E8FBE1E31E63481A00418D82 /* vege150.png */,
			);
			path = Pictures;
			sourceTree = "<group>";
		};
		E8FBE1F51E63484F00418D82 /* View */ = {
			isa = PBXGroup;
			children = (
				E8FBE1F61E63484F00418D82 /* HomeCategoryView */,
				E8FBE1FB1E63484F00418D82 /* ProductDetail */,
				E8FBE1FE1E63484F00418D82 /* ShoppingCart */,
				E8FBE2001E63484F00418D82 /* SubCategory */,
				E8FBE2031E63484F00418D82 /* TableViewCell.swift */,
			);
			path = View;
			sourceTree = "<group>";
		};
		E8FBE1F61E63484F00418D82 /* HomeCategoryView */ = {
			isa = PBXGroup;
			children = (
				E8FBE1F71E63484F00418D82 /* CategoryCustomHeaderCell.swift */,
				E8FBE1F81E63484F00418D82 /* CategoryTableViewCell.swift */,
				E8FBE1F91E63484F00418D82 /* TodayProductCollectionCell.swift */,
				E8FBE1FA1E63484F00418D82 /* TodayProductTableViewCell.swift */,
			);
			path = HomeCategoryView;
			sourceTree = "<group>";
		};
		E8FBE1FB1E63484F00418D82 /* ProductDetail */ = {
			isa = PBXGroup;
			children = (
				E8FBE1FC1E63484F00418D82 /* DetailDescriptionTableViewCell.swift */,
				E8FBE1FD1E63484F00418D82 /* DetailImageTableViewCell.swift */,
			);
			path = ProductDetail;
			sourceTree = "<group>";
		};
		E8FBE1FE1E63484F00418D82 /* ShoppingCart */ = {
			isa = PBXGroup;
			children = (
				E8FBE1FF1E63484F00418D82 /* DetailShoppingListTableViewCell.swift */,
			);
			path = ShoppingCart;
			sourceTree = "<group>";
		};
		E8FBE2001E63484F00418D82 /* SubCategory */ = {
			isa = PBXGroup;
			children = (
				E8FBE2011E63484F00418D82 /* SubCategoryCollectionViewCell.swift */,
				E8FBE2021E63484F00418D82 /* SubCategoryHeaderCollectionReusableView.swift */,
			);
			path = SubCategory;
			sourceTree = "<group>";
		};
		E8FBE20E1E63486400418D82 /* Controller */ = {
			isa = PBXGroup;
			children = (
				E8FBE20F1E63486400418D82 /* HomeCategory */,
				E8FBE2111E63486400418D82 /* ProductDetail */,
				E8FBE2131E63486400418D82 /* ShoppingCart */,
				E8FBE2151E63486400418D82 /* SubCategory */,
				E8FBE2171E63486400418D82 /* TodayProductTableViewController.swift */,
			);
			path = Controller;
			sourceTree = "<group>";
		};
		E8FBE20F1E63486400418D82 /* HomeCategory */ = {
			isa = PBXGroup;
			children = (
				E8FBE2101E63486400418D82 /* CategoryViewTableViewController.swift */,
			);
			path = HomeCategory;
			sourceTree = "<group>";
		};
		E8FBE2111E63486400418D82 /* ProductDetail */ = {
			isa = PBXGroup;
			children = (
				E8FBE2121E63486400418D82 /* ProductDetailViewController.swift */,
			);
			path = ProductDetail;
			sourceTree = "<group>";
		};
		E8FBE2131E63486400418D82 /* ShoppingCart */ = {
			isa = PBXGroup;
			children = (
				E8FBE2141E63486400418D82 /* DetailShoppingListViewController.swift */,
			);
			path = ShoppingCart;
			sourceTree = "<group>";
		};
		E8FBE2151E63486400418D82 /* SubCategory */ = {
			isa = PBXGroup;
			children = (
				E8FBE2161E63486400418D82 /* SubCategoryCollectionViewController.swift */,
			);
			path = SubCategory;
			sourceTree = "<group>";
		};
/* End PBXGroup section */

/* Begin PBXNativeTarget section */
		E8EE4FC01E540678007E3667 /* MarketRush */ = {
			isa = PBXNativeTarget;
			buildConfigurationList = E8EE4FD31E540678007E3667 /* Build configuration list for PBXNativeTarget "MarketRush" */;
			buildPhases = (
				5BAF18CE502B8B6EEFCF6C56 /* [CP] Check Pods Manifest.lock */,
				E8EE4FBD1E540678007E3667 /* Sources */,
				E8EE4FBE1E540678007E3667 /* Frameworks */,
				E8EE4FBF1E540678007E3667 /* Resources */,
				3A1C175436588A669E03B102 /* [CP] Embed Pods Frameworks */,
				F267E861D0E6ACDFD4F77CD5 /* [CP] Copy Pods Resources */,
			);
			buildRules = (
			);
			dependencies = (
			);
			name = MarketRush;
			productName = MarketRush;
			productReference = E8EE4FC11E540678007E3667 /* MarketRush.app */;
			productType = "com.apple.product-type.application";
		};
/* End PBXNativeTarget section */

/* Begin PBXProject section */
		E8EE4FB91E540678007E3667 /* Project object */ = {
			isa = PBXProject;
			attributes = {
				LastSwiftUpdateCheck = 0820;
				LastUpgradeCheck = 0820;
				ORGANIZATIONNAME = "Sarah Yoon";
				TargetAttributes = {
					E8EE4FC01E540678007E3667 = {
						CreatedOnToolsVersion = 8.2.1;
						DevelopmentTeam = 6GK85R4835;
						ProvisioningStyle = Automatic;
					};
				};
			};
			buildConfigurationList = E8EE4FBC1E540678007E3667 /* Build configuration list for PBXProject "MarketRush" */;
			compatibilityVersion = "Xcode 3.2";
			developmentRegion = English;
			hasScannedForEncodings = 0;
			knownRegions = (
				en,
				Base,
			);
			mainGroup = E8EE4FB81E540678007E3667;
			productRefGroup = E8EE4FC21E540678007E3667 /* Products */;
			projectDirPath = "";
			projectRoot = "";
			targets = (
				E8EE4FC01E540678007E3667 /* MarketRush */,
			);
		};
/* End PBXProject section */

/* Begin PBXResourcesBuildPhase section */
		E8EE4FBF1E540678007E3667 /* Resources */ = {
			isa = PBXResourcesBuildPhase;
			buildActionMask = 2147483647;
			files = (
				E8FBE1E81E63481A00418D82 /* drink150.png in Resources */,
				E8FBE1E61E63481A00418D82 /* chicken.png in Resources */,
				E8FBE1EB1E63481A00418D82 /* meat150.png in Resources */,
				E8FBE1E91E63481A00418D82 /* fruits150.png in Resources */,
				E8FBE1F11E63481A00418D82 /* rice150.png in Resources */,
				E8FBE1EA1E63481A00418D82 /* juice.png in Resources */,
				E8FBE1F41E63481A00418D82 /* vege150.png in Resources */,
				E8FBE1EE1E63481A00418D82 /* nuts150.png in Resources */,
				E8FBE1E51E63481A00418D82 /* cereal150.png in Resources */,
				E8FBE1F31E63481A00418D82 /* strawberry.png in Resources */,
				E8FBE1E41E63481A00418D82 /* bread150.png in Resources */,
				E8FBE1EC1E63481A00418D82 /* namul.png in Resources */,
				E8EE4FCF1E540678007E3667 /* LaunchScreen.storyboard in Resources */,
				E8FBE1E71E63481A00418D82 /* dairy150.png in Resources */,
				E8FBE1EF1E63481A00418D82 /* oil150.png in Resources */,
				E8EE4FCC1E540678007E3667 /* Assets.xcassets in Resources */,
				E8FBE1F21E63481A00418D82 /* shopping-cart.png in Resources */,
				E8FBE1ED1E63481A00418D82 /* noodles.png in Resources */,
				E81F04281E5AD30A006E9AED /* Main.storyboard in Resources */,
				E8FBE1F01E63481A00418D82 /* rice.png in Resources */,
			);
			runOnlyForDeploymentPostprocessing = 0;
		};
/* End PBXResourcesBuildPhase section */

/* Begin PBXShellScriptBuildPhase section */
		3A1C175436588A669E03B102 /* [CP] Embed Pods Frameworks */ = {
			isa = PBXShellScriptBuildPhase;
			buildActionMask = 2147483647;
			files = (
			);
			inputPaths = (
			);
			name = "[CP] Embed Pods Frameworks";
			outputPaths = (
			);
			runOnlyForDeploymentPostprocessing = 0;
			shellPath = /bin/sh;
			shellScript = "\"${SRCROOT}/Pods/Target Support Files/Pods-MarketRush/Pods-MarketRush-frameworks.sh\"\n";
			showEnvVarsInLog = 0;
		};
		5BAF18CE502B8B6EEFCF6C56 /* [CP] Check Pods Manifest.lock */ = {
			isa = PBXShellScriptBuildPhase;
			buildActionMask = 2147483647;
			files = (
			);
			inputPaths = (
			);
			name = "[CP] Check Pods Manifest.lock";
			outputPaths = (
			);
			runOnlyForDeploymentPostprocessing = 0;
			shellPath = /bin/sh;
			shellScript = "diff \"${PODS_ROOT}/../Podfile.lock\" \"${PODS_ROOT}/Manifest.lock\" > /dev/null\nif [ $? != 0 ] ; then\n    # print error to STDERR\n    echo \"error: The sandbox is not in sync with the Podfile.lock. Run 'pod install' or update your CocoaPods installation.\" >&2\n    exit 1\nfi\n";
			showEnvVarsInLog = 0;
		};
		F267E861D0E6ACDFD4F77CD5 /* [CP] Copy Pods Resources */ = {
			isa = PBXShellScriptBuildPhase;
			buildActionMask = 2147483647;
			files = (
			);
			inputPaths = (
			);
			name = "[CP] Copy Pods Resources";
			outputPaths = (
			);
			runOnlyForDeploymentPostprocessing = 0;
			shellPath = /bin/sh;
			shellScript = "\"${SRCROOT}/Pods/Target Support Files/Pods-MarketRush/Pods-MarketRush-resources.sh\"\n";
			showEnvVarsInLog = 0;
		};
/* End PBXShellScriptBuildPhase section */

/* Begin PBXSourcesBuildPhase section */
		E8EE4FBD1E540678007E3667 /* Sources */ = {
			isa = PBXSourcesBuildPhase;
			buildActionMask = 2147483647;
			files = (
				E8FBE1A91E63471900418D82 /* Constants.swift in Sources */,
				E8FBE2041E63484F00418D82 /* CategoryCustomHeaderCell.swift in Sources */,
				E8FBE2061E63484F00418D82 /* TodayProductCollectionCell.swift in Sources */,
				E8FBE20C1E63484F00418D82 /* SubCategoryHeaderCollectionReusableView.swift in Sources */,
				E8FBE1A21E6346CB00418D82 /* Item.swift in Sources */,
				E8BB834F1E60CCBA00DBDB8E /* ViewController 05-17-16-786.swift in Sources */,
				E8FBE20A1E63484F00418D82 /* DetailShoppingListTableViewCell.swift in Sources */,
				E8FBE20B1E63484F00418D82 /* SubCategoryCollectionViewCell.swift in Sources */,
				E8FBE2091E63484F00418D82 /* DetailImageTableViewCell.swift in Sources */,
				E8FBE1A41E6346CB00418D82 /* Query.swift in Sources */,
				E8FBE1AA1E63471900418D82 /* DataController.swift in Sources */,
				E8EE4FC51E540678007E3667 /* AppDelegate.swift in Sources */,
				E8FBE20D1E63484F00418D82 /* TableViewCell.swift in Sources */,
				E8FBE2181E63486400418D82 /* CategoryViewTableViewController.swift in Sources */,
				E8FBE21A1E63486400418D82 /* DetailShoppingListViewController.swift in Sources */,
				E8FBE21B1E63486400418D82 /* SubCategoryCollectionViewController.swift in Sources */,
				E8FBE1A51E6346CB00418D82 /* TodayProduct.swift in Sources */,
				E8FBE1A31E6346CB00418D82 /* ListofItems.swift in Sources */,
				E8FBE21C1E63486400418D82 /* TodayProductTableViewController.swift in Sources */,
				E8FBE2081E63484F00418D82 /* DetailDescriptionTableViewCell.swift in Sources */,
				E8FBE2191E63486400418D82 /* ProductDetailViewController.swift in Sources */,
				E8FBE2051E63484F00418D82 /* CategoryTableViewCell.swift in Sources */,
				E8FBE2071E63484F00418D82 /* TodayProductTableViewCell.swift in Sources */,
			);
			runOnlyForDeploymentPostprocessing = 0;
		};
/* End PBXSourcesBuildPhase section */

/* Begin PBXVariantGroup section */
		E8EE4FCD1E540678007E3667 /* LaunchScreen.storyboard */ = {
			isa = PBXVariantGroup;
			children = (
				E8EE4FCE1E540678007E3667 /* Base */,
			);
			name = LaunchScreen.storyboard;
			sourceTree = "<group>";
		};
/* End PBXVariantGroup section */

/* Begin XCBuildConfiguration section */
		E8EE4FD11E540678007E3667 /* Debug */ = {
			isa = XCBuildConfiguration;
			buildSettings = {
				ALWAYS_SEARCH_USER_PATHS = NO;
				CLANG_ANALYZER_NONNULL = YES;
				CLANG_CXX_LANGUAGE_STANDARD = "gnu++0x";
				CLANG_CXX_LIBRARY = "libc++";
				CLANG_ENABLE_MODULES = YES;
				CLANG_ENABLE_OBJC_ARC = YES;
				CLANG_WARN_BOOL_CONVERSION = YES;
				CLANG_WARN_CONSTANT_CONVERSION = YES;
				CLANG_WARN_DIRECT_OBJC_ISA_USAGE = YES_ERROR;
				CLANG_WARN_DOCUMENTATION_COMMENTS = YES;
				CLANG_WARN_EMPTY_BODY = YES;
				CLANG_WARN_ENUM_CONVERSION = YES;
				CLANG_WARN_INFINITE_RECURSION = YES;
				CLANG_WARN_INT_CONVERSION = YES;
				CLANG_WARN_OBJC_ROOT_CLASS = YES_ERROR;
				CLANG_WARN_SUSPICIOUS_MOVE = YES;
				CLANG_WARN_UNREACHABLE_CODE = YES;
				CLANG_WARN__DUPLICATE_METHOD_MATCH = YES;
				"CODE_SIGN_IDENTITY[sdk=iphoneos*]" = "iPhone Developer";
				COPY_PHASE_STRIP = NO;
				DEBUG_INFORMATION_FORMAT = dwarf;
				ENABLE_STRICT_OBJC_MSGSEND = YES;
				ENABLE_TESTABILITY = YES;
				GCC_C_LANGUAGE_STANDARD = gnu99;
				GCC_DYNAMIC_NO_PIC = NO;
				GCC_NO_COMMON_BLOCKS = YES;
				GCC_OPTIMIZATION_LEVEL = 0;
				GCC_PREPROCESSOR_DEFINITIONS = (
					"DEBUG=1",
					"$(inherited)",
				);
				GCC_WARN_64_TO_32_BIT_CONVERSION = YES;
				GCC_WARN_ABOUT_RETURN_TYPE = YES_ERROR;
				GCC_WARN_UNDECLARED_SELECTOR = YES;
				GCC_WARN_UNINITIALIZED_AUTOS = YES_AGGRESSIVE;
				GCC_WARN_UNUSED_FUNCTION = YES;
				GCC_WARN_UNUSED_VARIABLE = YES;
				IPHONEOS_DEPLOYMENT_TARGET = 10.2;
				MTL_ENABLE_DEBUG_INFO = YES;
				ONLY_ACTIVE_ARCH = YES;
				SDKROOT = iphoneos;
				SWIFT_ACTIVE_COMPILATION_CONDITIONS = DEBUG;
				SWIFT_OPTIMIZATION_LEVEL = "-Onone";
			};
			name = Debug;
		};
		E8EE4FD21E540678007E3667 /* Release */ = {
			isa = XCBuildConfiguration;
			buildSettings = {
				ALWAYS_SEARCH_USER_PATHS = NO;
				CLANG_ANALYZER_NONNULL = YES;
				CLANG_CXX_LANGUAGE_STANDARD = "gnu++0x";
				CLANG_CXX_LIBRARY = "libc++";
				CLANG_ENABLE_MODULES = YES;
				CLANG_ENABLE_OBJC_ARC = YES;
				CLANG_WARN_BOOL_CONVERSION = YES;
				CLANG_WARN_CONSTANT_CONVERSION = YES;
				CLANG_WARN_DIRECT_OBJC_ISA_USAGE = YES_ERROR;
				CLANG_WARN_DOCUMENTATION_COMMENTS = YES;
				CLANG_WARN_EMPTY_BODY = YES;
				CLANG_WARN_ENUM_CONVERSION = YES;
				CLANG_WARN_INFINITE_RECURSION = YES;
				CLANG_WARN_INT_CONVERSION = YES;
				CLANG_WARN_OBJC_ROOT_CLASS = YES_ERROR;
				CLANG_WARN_SUSPICIOUS_MOVE = YES;
				CLANG_WARN_UNREACHABLE_CODE = YES;
				CLANG_WARN__DUPLICATE_METHOD_MATCH = YES;
				"CODE_SIGN_IDENTITY[sdk=iphoneos*]" = "iPhone Developer";
				COPY_PHASE_STRIP = NO;
				DEBUG_INFORMATION_FORMAT = "dwarf-with-dsym";
				ENABLE_NS_ASSERTIONS = NO;
				ENABLE_STRICT_OBJC_MSGSEND = YES;
				GCC_C_LANGUAGE_STANDARD = gnu99;
				GCC_NO_COMMON_BLOCKS = YES;
				GCC_WARN_64_TO_32_BIT_CONVERSION = YES;
				GCC_WARN_ABOUT_RETURN_TYPE = YES_ERROR;
				GCC_WARN_UNDECLARED_SELECTOR = YES;
				GCC_WARN_UNINITIALIZED_AUTOS = YES_AGGRESSIVE;
				GCC_WARN_UNUSED_FUNCTION = YES;
				GCC_WARN_UNUSED_VARIABLE = YES;
				IPHONEOS_DEPLOYMENT_TARGET = 10.2;
				MTL_ENABLE_DEBUG_INFO = NO;
				SDKROOT = iphoneos;
				SWIFT_OPTIMIZATION_LEVEL = "-Owholemodule";
				VALIDATE_PRODUCT = YES;
			};
			name = Release;
		};
		E8EE4FD41E540678007E3667 /* Debug */ = {
			isa = XCBuildConfiguration;
			baseConfigurationReference = 1915AC7D66431D364CD5AC24 /* Pods-MarketRush.debug.xcconfig */;
			buildSettings = {
				ASSETCATALOG_COMPILER_APPICON_NAME = AppIcon;
				DEVELOPMENT_TEAM = 6GK85R4835;
				INFOPLIST_FILE = MarketRush/Info.plist;
				LD_RUNPATH_SEARCH_PATHS = "$(inherited) @executable_path/Frameworks";
				PRODUCT_BUNDLE_IDENTIFIER = com.Boostcamp.MarketRush;
				PRODUCT_NAME = "$(TARGET_NAME)";
				SWIFT_VERSION = 3.0;
			};
			name = Debug;
		};
		E8EE4FD51E540678007E3667 /* Release */ = {
			isa = XCBuildConfiguration;
			baseConfigurationReference = AAFE5E9FA89BD6C318B8EE2A /* Pods-MarketRush.release.xcconfig */;
			buildSettings = {
				ASSETCATALOG_COMPILER_APPICON_NAME = AppIcon;
				DEVELOPMENT_TEAM = 6GK85R4835;
				INFOPLIST_FILE = MarketRush/Info.plist;
				LD_RUNPATH_SEARCH_PATHS = "$(inherited) @executable_path/Frameworks";
				PRODUCT_BUNDLE_IDENTIFIER = com.Boostcamp.MarketRush;
				PRODUCT_NAME = "$(TARGET_NAME)";
				SWIFT_VERSION = 3.0;
			};
			name = Release;
		};
/* End XCBuildConfiguration section */

/* Begin XCConfigurationList section */
		E8EE4FBC1E540678007E3667 /* Build configuration list for PBXProject "MarketRush" */ = {
			isa = XCConfigurationList;
			buildConfigurations = (
				E8EE4FD11E540678007E3667 /* Debug */,
				E8EE4FD21E540678007E3667 /* Release */,
			);
			defaultConfigurationIsVisible = 0;
			defaultConfigurationName = Release;
		};
		E8EE4FD31E540678007E3667 /* Build configuration list for PBXNativeTarget "MarketRush" */ = {
			isa = XCConfigurationList;
			buildConfigurations = (
				E8EE4FD41E540678007E3667 /* Debug */,
				E8EE4FD51E540678007E3667 /* Release */,
			);
			defaultConfigurationIsVisible = 0;
			defaultConfigurationName = Release;
		};
/* End XCConfigurationList section */
	};
	rootObject = E8EE4FB91E540678007E3667 /* Project object */;
}
