// !$*UTF8*$!
{
	archiveVersion = 1;
	classes = {
	};
	objectVersion = 46;
	objects = {

/* Begin PBXBuildFile section */
		2ED0406F2C1A92E358CC9132 /* Pods_MarketRush.framework in Frameworks */ = {isa = PBXBuildFile; fileRef = 18AB0E9FC981C5FE2E9BF028 /* Pods_MarketRush.framework */; };
		E81F04281E5AD30A006E9AED /* Main.storyboard in Resources */ = {isa = PBXBuildFile; fileRef = E81F04271E5AD30A006E9AED /* Main.storyboard */; };
		E81F042A1E5AEC5A006E9AED /* TableViewCell.swift in Sources */ = {isa = PBXBuildFile; fileRef = E81F04291E5AEC5A006E9AED /* TableViewCell.swift */; };
		E882CACD1E56ED1C000EC8F6 /* ListofItems.swift in Sources */ = {isa = PBXBuildFile; fileRef = E882CACC1E56ED1C000EC8F6 /* ListofItems.swift */; };
		E8BB833E1E6064F500DBDB8E /* TodayProduct.swift in Sources */ = {isa = PBXBuildFile; fileRef = E8BB833D1E6064F500DBDB8E /* TodayProduct.swift */; };
		E8BB83411E60A02D00DBDB8E /* juice.png in Resources */ = {isa = PBXBuildFile; fileRef = E8BB83401E60A02D00DBDB8E /* juice.png */; };
		E8BB83471E60A03600DBDB8E /* noodles.png in Resources */ = {isa = PBXBuildFile; fileRef = E8BB83421E60A03600DBDB8E /* noodles.png */; };
		E8BB83481E60A03600DBDB8E /* rice.png in Resources */ = {isa = PBXBuildFile; fileRef = E8BB83431E60A03600DBDB8E /* rice.png */; };
		E8BB83491E60A03600DBDB8E /* chicken.png in Resources */ = {isa = PBXBuildFile; fileRef = E8BB83441E60A03600DBDB8E /* chicken.png */; };
		E8BB834A1E60A03600DBDB8E /* strawberry.png in Resources */ = {isa = PBXBuildFile; fileRef = E8BB83451E60A03600DBDB8E /* strawberry.png */; };
		E8BB834B1E60A03600DBDB8E /* namul.png in Resources */ = {isa = PBXBuildFile; fileRef = E8BB83461E60A03600DBDB8E /* namul.png */; };
		E8BB834D1E60A95E00DBDB8E /* TodayProductTableViewController.swift in Sources */ = {isa = PBXBuildFile; fileRef = E8BB834C1E60A95E00DBDB8E /* TodayProductTableViewController.swift */; };
		E8BB834F1E60CCBA00DBDB8E /* ViewController 05-17-16-786.swift in Sources */ = {isa = PBXBuildFile; fileRef = E8BB834E1E60CCBA00DBDB8E /* ViewController 05-17-16-786.swift */; };
		E8D8827A1E5617A600C33D1B /* shopping-cart.png in Resources */ = {isa = PBXBuildFile; fileRef = E8D882791E5617A600C33D1B /* shopping-cart.png */; };
		E8E0EC861E547DA000FFC7EA /* CategoryViewTableViewController.swift in Sources */ = {isa = PBXBuildFile; fileRef = E8E0EC851E547DA000FFC7EA /* CategoryViewTableViewController.swift */; };
		E8E0EC881E5484A500FFC7EA /* TodayProductTableViewCell.swift in Sources */ = {isa = PBXBuildFile; fileRef = E8E0EC871E5484A500FFC7EA /* TodayProductTableViewCell.swift */; };
		E8E0EC8A1E5484F000FFC7EA /* CategoryTableViewCell.swift in Sources */ = {isa = PBXBuildFile; fileRef = E8E0EC891E5484F000FFC7EA /* CategoryTableViewCell.swift */; };
		E8E0EC8C1E54869800FFC7EA /* TodayProductCollectionCell.swift in Sources */ = {isa = PBXBuildFile; fileRef = E8E0EC8B1E54869800FFC7EA /* TodayProductCollectionCell.swift */; };
		E8E0EC8F1E54894100FFC7EA /* DataController.swift in Sources */ = {isa = PBXBuildFile; fileRef = E8E0EC8E1E54894100FFC7EA /* DataController.swift */; };
		E8E0EC911E54999300FFC7EA /* Query.swift in Sources */ = {isa = PBXBuildFile; fileRef = E8E0EC901E54999300FFC7EA /* Query.swift */; };
		E8E0EC931E5499C200FFC7EA /* Item.swift in Sources */ = {isa = PBXBuildFile; fileRef = E8E0EC921E5499C200FFC7EA /* Item.swift */; };
		E8E0EC971E54A56800FFC7EA /* Constants.swift in Sources */ = {isa = PBXBuildFile; fileRef = E8E0EC961E54A56800FFC7EA /* Constants.swift */; };
		E8E0EC9D1E54AF0700FFC7EA /* SubCategoryCollectionViewCell.swift in Sources */ = {isa = PBXBuildFile; fileRef = E8E0EC9C1E54AF0700FFC7EA /* SubCategoryCollectionViewCell.swift */; };
		E8E748DD1E5C937E006C6245 /* oil150.png in Resources */ = {isa = PBXBuildFile; fileRef = E8E748D51E5C937E006C6245 /* oil150.png */; };
		E8E748DE1E5C937E006C6245 /* vege150.png in Resources */ = {isa = PBXBuildFile; fileRef = E8E748D61E5C937E006C6245 /* vege150.png */; };
		E8E748DF1E5C937E006C6245 /* rice150.png in Resources */ = {isa = PBXBuildFile; fileRef = E8E748D71E5C937E006C6245 /* rice150.png */; };
		E8E748E01E5C937E006C6245 /* drink150.png in Resources */ = {isa = PBXBuildFile; fileRef = E8E748D81E5C937E006C6245 /* drink150.png */; };
		E8E748E11E5C937E006C6245 /* meat150.png in Resources */ = {isa = PBXBuildFile; fileRef = E8E748D91E5C937E006C6245 /* meat150.png */; };
		E8E748E21E5C937E006C6245 /* cereal150.png in Resources */ = {isa = PBXBuildFile; fileRef = E8E748DA1E5C937E006C6245 /* cereal150.png */; };
		E8E748E31E5C937E006C6245 /* dairy150.png in Resources */ = {isa = PBXBuildFile; fileRef = E8E748DB1E5C937E006C6245 /* dairy150.png */; };
		E8E748E41E5C937E006C6245 /* fruits150.png in Resources */ = {isa = PBXBuildFile; fileRef = E8E748DC1E5C937E006C6245 /* fruits150.png */; };
		E8E748E61E5C9528006C6245 /* bread150.png in Resources */ = {isa = PBXBuildFile; fileRef = E8E748E51E5C9528006C6245 /* bread150.png */; };
		E8E748E81E5C952B006C6245 /* nuts150.png in Resources */ = {isa = PBXBuildFile; fileRef = E8E748E71E5C952B006C6245 /* nuts150.png */; };
		E8ED9B201E55D6E600400BD9 /* ProductDetailViewController.swift in Sources */ = {isa = PBXBuildFile; fileRef = E8ED9B1F1E55D6E600400BD9 /* ProductDetailViewController.swift */; };
		E8ED9B261E5601E500400BD9 /* DetailShoppingListViewController.swift in Sources */ = {isa = PBXBuildFile; fileRef = E8ED9B251E5601E500400BD9 /* DetailShoppingListViewController.swift */; };
		E8ED9B2A1E56092100400BD9 /* DetailShoppingListTableViewCell.swift in Sources */ = {isa = PBXBuildFile; fileRef = E8ED9B291E56092100400BD9 /* DetailShoppingListTableViewCell.swift */; };
		E8EDFFB91E555C1B00810F03 /* SubCategoryCollectionViewController.swift in Sources */ = {isa = PBXBuildFile; fileRef = E8EDFFB81E555C1B00810F03 /* SubCategoryCollectionViewController.swift */; };
		E8EDFFBD1E556EC700810F03 /* SubCategoryHeaderCollectionReusableView.swift in Sources */ = {isa = PBXBuildFile; fileRef = E8EDFFBC1E556EC700810F03 /* SubCategoryHeaderCollectionReusableView.swift */; };
		E8EDFFEB1E558B5D00810F03 /* DetailImageTableViewCell.swift in Sources */ = {isa = PBXBuildFile; fileRef = E8EDFFEA1E558B5D00810F03 /* DetailImageTableViewCell.swift */; };
		E8EDFFED1E558B8400810F03 /* DetailDescriptionTableViewCell.swift in Sources */ = {isa = PBXBuildFile; fileRef = E8EDFFEC1E558B8400810F03 /* DetailDescriptionTableViewCell.swift */; };
		E8EE4FC51E540678007E3667 /* AppDelegate.swift in Sources */ = {isa = PBXBuildFile; fileRef = E8EE4FC41E540678007E3667 /* AppDelegate.swift */; };
		E8EE4FCC1E540678007E3667 /* Assets.xcassets in Resources */ = {isa = PBXBuildFile; fileRef = E8EE4FCB1E540678007E3667 /* Assets.xcassets */; };
		E8EE4FCF1E540678007E3667 /* LaunchScreen.storyboard in Resources */ = {isa = PBXBuildFile; fileRef = E8EE4FCD1E540678007E3667 /* LaunchScreen.storyboard */; };
/* End PBXBuildFile section */

/* Begin PBXFileReference section */
		18AB0E9FC981C5FE2E9BF028 /* Pods_MarketRush.framework */ = {isa = PBXFileReference; explicitFileType = wrapper.framework; includeInIndex = 0; path = Pods_MarketRush.framework; sourceTree = BUILT_PRODUCTS_DIR; };
		1915AC7D66431D364CD5AC24 /* Pods-MarketRush.debug.xcconfig */ = {isa = PBXFileReference; includeInIndex = 1; lastKnownFileType = text.xcconfig; name = "Pods-MarketRush.debug.xcconfig"; path = "Pods/Target Support Files/Pods-MarketRush/Pods-MarketRush.debug.xcconfig"; sourceTree = "<group>"; };
		AAFE5E9FA89BD6C318B8EE2A /* Pods-MarketRush.release.xcconfig */ = {isa = PBXFileReference; includeInIndex = 1; lastKnownFileType = text.xcconfig; name = "Pods-MarketRush.release.xcconfig"; path = "Pods/Target Support Files/Pods-MarketRush/Pods-MarketRush.release.xcconfig"; sourceTree = "<group>"; };
		E81F04271E5AD30A006E9AED /* Main.storyboard */ = {isa = PBXFileReference; fileEncoding = 4; lastKnownFileType = file.storyboard; path = Main.storyboard; sourceTree = "<group>"; };
		E81F04291E5AEC5A006E9AED /* TableViewCell.swift */ = {isa = PBXFileReference; fileEncoding = 4; lastKnownFileType = sourcecode.swift; path = TableViewCell.swift; sourceTree = "<group>"; };
		E882CACC1E56ED1C000EC8F6 /* ListofItems.swift */ = {isa = PBXFileReference; fileEncoding = 4; lastKnownFileType = sourcecode.swift; path = ListofItems.swift; sourceTree = "<group>"; };
		E8BB833D1E6064F500DBDB8E /* TodayProduct.swift */ = {isa = PBXFileReference; fileEncoding = 4; lastKnownFileType = sourcecode.swift; path = TodayProduct.swift; sourceTree = "<group>"; };
		E8BB83401E60A02D00DBDB8E /* juice.png */ = {isa = PBXFileReference; lastKnownFileType = image.png; path = juice.png; sourceTree = "<group>"; };
		E8BB83421E60A03600DBDB8E /* noodles.png */ = {isa = PBXFileReference; lastKnownFileType = image.png; path = noodles.png; sourceTree = "<group>"; };
		E8BB83431E60A03600DBDB8E /* rice.png */ = {isa = PBXFileReference; lastKnownFileType = image.png; path = rice.png; sourceTree = "<group>"; };
		E8BB83441E60A03600DBDB8E /* chicken.png */ = {isa = PBXFileReference; lastKnownFileType = image.png; path = chicken.png; sourceTree = "<group>"; };
		E8BB83451E60A03600DBDB8E /* strawberry.png */ = {isa = PBXFileReference; lastKnownFileType = image.png; path = strawberry.png; sourceTree = "<group>"; };
		E8BB83461E60A03600DBDB8E /* namul.png */ = {isa = PBXFileReference; lastKnownFileType = image.png; path = namul.png; sourceTree = "<group>"; };
		E8BB834C1E60A95E00DBDB8E /* TodayProductTableViewController.swift */ = {isa = PBXFileReference; fileEncoding = 4; lastKnownFileType = sourcecode.swift; path = TodayProductTableViewController.swift; sourceTree = "<group>"; };
		E8BB834E1E60CCBA00DBDB8E /* ViewController 05-17-16-786.swift */ = {isa = PBXFileReference; fileEncoding = 4; lastKnownFileType = sourcecode.swift; path = "ViewController 05-17-16-786.swift"; sourceTree = "<group>"; };
		E8D882791E5617A600C33D1B /* shopping-cart.png */ = {isa = PBXFileReference; lastKnownFileType = image.png; path = "shopping-cart.png"; sourceTree = "<group>"; };
		E8E0EC851E547DA000FFC7EA /* CategoryViewTableViewController.swift */ = {isa = PBXFileReference; fileEncoding = 4; lastKnownFileType = sourcecode.swift; path = CategoryViewTableViewController.swift; sourceTree = "<group>"; };
		E8E0EC871E5484A500FFC7EA /* TodayProductTableViewCell.swift */ = {isa = PBXFileReference; fileEncoding = 4; lastKnownFileType = sourcecode.swift; path = TodayProductTableViewCell.swift; sourceTree = "<group>"; };
		E8E0EC891E5484F000FFC7EA /* CategoryTableViewCell.swift */ = {isa = PBXFileReference; fileEncoding = 4; lastKnownFileType = sourcecode.swift; path = CategoryTableViewCell.swift; sourceTree = "<group>"; };
		E8E0EC8B1E54869800FFC7EA /* TodayProductCollectionCell.swift */ = {isa = PBXFileReference; fileEncoding = 4; lastKnownFileType = sourcecode.swift; path = TodayProductCollectionCell.swift; sourceTree = "<group>"; };
		E8E0EC8E1E54894100FFC7EA /* DataController.swift */ = {isa = PBXFileReference; fileEncoding = 4; lastKnownFileType = sourcecode.swift; path = DataController.swift; sourceTree = "<group>"; };
		E8E0EC901E54999300FFC7EA /* Query.swift */ = {isa = PBXFileReference; fileEncoding = 4; lastKnownFileType = sourcecode.swift; path = Query.swift; sourceTree = "<group>"; };
		E8E0EC921E5499C200FFC7EA /* Item.swift */ = {isa = PBXFileReference; fileEncoding = 4; lastKnownFileType = sourcecode.swift; path = Item.swift; sourceTree = "<group>"; };
		E8E0EC961E54A56800FFC7EA /* Constants.swift */ = {isa = PBXFileReference; fileEncoding = 4; lastKnownFileType = sourcecode.swift; path = Constants.swift; sourceTree = "<group>"; };
		E8E0EC9C1E54AF0700FFC7EA /* SubCategoryCollectionViewCell.swift */ = {isa = PBXFileReference; fileEncoding = 4; lastKnownFileType = sourcecode.swift; path = SubCategoryCollectionViewCell.swift; sourceTree = "<group>"; };
		E8E748D51E5C937E006C6245 /* oil150.png */ = {isa = PBXFileReference; lastKnownFileType = image.png; path = oil150.png; sourceTree = "<group>"; };
		E8E748D61E5C937E006C6245 /* vege150.png */ = {isa = PBXFileReference; lastKnownFileType = image.png; path = vege150.png; sourceTree = "<group>"; };
		E8E748D71E5C937E006C6245 /* rice150.png */ = {isa = PBXFileReference; lastKnownFileType = image.png; path = rice150.png; sourceTree = "<group>"; };
		E8E748D81E5C937E006C6245 /* drink150.png */ = {isa = PBXFileReference; lastKnownFileType = image.png; path = drink150.png; sourceTree = "<group>"; };
		E8E748D91E5C937E006C6245 /* meat150.png */ = {isa = PBXFileReference; lastKnownFileType = image.png; path = meat150.png; sourceTree = "<group>"; };
		E8E748DA1E5C937E006C6245 /* cereal150.png */ = {isa = PBXFileReference; lastKnownFileType = image.png; path = cereal150.png; sourceTree = "<group>"; };
		E8E748DB1E5C937E006C6245 /* dairy150.png */ = {isa = PBXFileReference; lastKnownFileType = image.png; path = dairy150.png; sourceTree = "<group>"; };
		E8E748DC1E5C937E006C6245 /* fruits150.png */ = {isa = PBXFileReference; lastKnownFileType = image.png; path = fruits150.png; sourceTree = "<group>"; };
		E8E748E51E5C9528006C6245 /* bread150.png */ = {isa = PBXFileReference; lastKnownFileType = image.png; path = bread150.png; sourceTree = "<group>"; };
		E8E748E71E5C952B006C6245 /* nuts150.png */ = {isa = PBXFileReference; lastKnownFileType = image.png; path = nuts150.png; sourceTree = "<group>"; };
		E8ED9B1F1E55D6E600400BD9 /* ProductDetailViewController.swift */ = {isa = PBXFileReference; fileEncoding = 4; lastKnownFileType = sourcecode.swift; path = ProductDetailViewController.swift; sourceTree = "<group>"; };
		E8ED9B251E5601E500400BD9 /* DetailShoppingListViewController.swift */ = {isa = PBXFileReference; fileEncoding = 4; lastKnownFileType = sourcecode.swift; path = DetailShoppingListViewController.swift; sourceTree = "<group>"; };
		E8ED9B291E56092100400BD9 /* DetailShoppingListTableViewCell.swift */ = {isa = PBXFileReference; fileEncoding = 4; lastKnownFileType = sourcecode.swift; path = DetailShoppingListTableViewCell.swift; sourceTree = "<group>"; };
		E8EDFFB81E555C1B00810F03 /* SubCategoryCollectionViewController.swift */ = {isa = PBXFileReference; fileEncoding = 4; lastKnownFileType = sourcecode.swift; path = SubCategoryCollectionViewController.swift; sourceTree = "<group>"; };
		E8EDFFBC1E556EC700810F03 /* SubCategoryHeaderCollectionReusableView.swift */ = {isa = PBXFileReference; fileEncoding = 4; lastKnownFileType = sourcecode.swift; path = SubCategoryHeaderCollectionReusableView.swift; sourceTree = "<group>"; };
		E8EDFFEA1E558B5D00810F03 /* DetailImageTableViewCell.swift */ = {isa = PBXFileReference; fileEncoding = 4; lastKnownFileType = sourcecode.swift; path = DetailImageTableViewCell.swift; sourceTree = "<group>"; };
		E8EDFFEC1E558B8400810F03 /* DetailDescriptionTableViewCell.swift */ = {isa = PBXFileReference; fileEncoding = 4; lastKnownFileType = sourcecode.swift; path = DetailDescriptionTableViewCell.swift; sourceTree = "<group>"; };
		E8EE4FC11E540678007E3667 /* MarketRush.app */ = {isa = PBXFileReference; explicitFileType = wrapper.application; includeInIndex = 0; path = MarketRush.app; sourceTree = BUILT_PRODUCTS_DIR; };
		E8EE4FC41E540678007E3667 /* AppDelegate.swift */ = {isa = PBXFileReference; lastKnownFileType = sourcecode.swift; path = AppDelegate.swift; sourceTree = "<group>"; };
		E8EE4FCB1E540678007E3667 /* Assets.xcassets */ = {isa = PBXFileReference; lastKnownFileType = folder.assetcatalog; path = Assets.xcassets; sourceTree = "<group>"; };
		E8EE4FCE1E540678007E3667 /* Base */ = {isa = PBXFileReference; lastKnownFileType = file.storyboard; name = Base; path = Base.lproj/LaunchScreen.storyboard; sourceTree = "<group>"; };
		E8EE4FD01E540678007E3667 /* Info.plist */ = {isa = PBXFileReference; lastKnownFileType = text.plist.xml; path = Info.plist; sourceTree = "<group>"; };
/* End PBXFileReference section */

/* Begin PBXFrameworksBuildPhase section */
		E8EE4FBE1E540678007E3667 /* Frameworks */ = {
			isa = PBXFrameworksBuildPhase;
			buildActionMask = 2147483647;
			files = (
				2ED0406F2C1A92E358CC9132 /* Pods_MarketRush.framework in Frameworks */,
			);
			runOnlyForDeploymentPostprocessing = 0;
		};
/* End PBXFrameworksBuildPhase section */

/* Begin PBXGroup section */
		8A37C4F4FA967E8683450A57 /* Frameworks */ = {
			isa = PBXGroup;
			children = (
				18AB0E9FC981C5FE2E9BF028 /* Pods_MarketRush.framework */,
			);
			name = Frameworks;
			sourceTree = "<group>";
		};
		C352DCBA2BC94499A10DA206 /* Pods */ = {
			isa = PBXGroup;
			children = (
				1915AC7D66431D364CD5AC24 /* Pods-MarketRush.debug.xcconfig */,
				AAFE5E9FA89BD6C318B8EE2A /* Pods-MarketRush.release.xcconfig */,
			);
			name = Pods;
			sourceTree = "<group>";
		};
		E804EA4C1E5425E600657D20 /* Model */ = {
			isa = PBXGroup;
			children = (
				E8E0EC901E54999300FFC7EA /* Query.swift */,
				E8E0EC921E5499C200FFC7EA /* Item.swift */,
				E882CACC1E56ED1C000EC8F6 /* ListofItems.swift */,
				E8BB833D1E6064F500DBDB8E /* TodayProduct.swift */,
			);
			name = Model;
			sourceTree = "<group>";
		};
		E804EA4D1E5425F300657D20 /* View */ = {
			isa = PBXGroup;
			children = (
				E8ED9B291E56092100400BD9 /* DetailShoppingListTableViewCell.swift */,
				E81F04291E5AEC5A006E9AED /* TableViewCell.swift */,
				E81F04271E5AD30A006E9AED /* Main.storyboard */,
				E8EDFFE91E558B1D00810F03 /* DetailProduct */,
				E8E0EC9B1E54AE5300FFC7EA /* SubCategory */,
				E8E0EC9A1E54AE4000FFC7EA /* TodayProduct */,
				E8E0EC891E5484F000FFC7EA /* CategoryTableViewCell.swift */,
			);
			name = View;
			sourceTree = "<group>";
		};
		E804EA4E1E54260500657D20 /* Controller */ = {
			isa = PBXGroup;
			children = (
				E8ED8EB51E5DEE62004C6129 /* CategoryViewController */,
				E8ED9B271E56074E00400BD9 /* SubCategory */,
				E8ED9B281E56076E00400BD9 /* DetailShoppingList */,
				E8ED9B1F1E55D6E600400BD9 /* ProductDetailViewController.swift */,
			);
			name = Controller;
			sourceTree = "<group>";
		};
		E8BB833F1E60A01C00DBDB8E /* samples */ = {
			isa = PBXGroup;
			children = (
				E8BB83401E60A02D00DBDB8E /* juice.png */,
				E8BB83421E60A03600DBDB8E /* noodles.png */,
				E8BB83431E60A03600DBDB8E /* rice.png */,
				E8BB83441E60A03600DBDB8E /* chicken.png */,
				E8BB83451E60A03600DBDB8E /* strawberry.png */,
				E8BB83461E60A03600DBDB8E /* namul.png */,
			);
			name = samples;
			sourceTree = "<group>";
		};
		E8D882781E56179000C33D1B /* Resource */ = {
			isa = PBXGroup;
			children = (
				E8BB833F1E60A01C00DBDB8E /* samples */,
				E8E748D51E5C937E006C6245 /* oil150.png */,
				E8E748D61E5C937E006C6245 /* vege150.png */,
				E8E748D71E5C937E006C6245 /* rice150.png */,
				E8E748D81E5C937E006C6245 /* drink150.png */,
				E8E748D91E5C937E006C6245 /* meat150.png */,
				E8E748E51E5C9528006C6245 /* bread150.png */,
				E8E748DA1E5C937E006C6245 /* cereal150.png */,
				E8E748E71E5C952B006C6245 /* nuts150.png */,
				E8E748DB1E5C937E006C6245 /* dairy150.png */,
				E8E748DC1E5C937E006C6245 /* fruits150.png */,
				E8D882791E5617A600C33D1B /* shopping-cart.png */,
			);
			name = Resource;
			sourceTree = "<group>";
		};
		E8E0EC8D1E54892000FFC7EA /* Data */ = {
			isa = PBXGroup;
			children = (
				E8E0EC8E1E54894100FFC7EA /* DataController.swift */,
				E8E0EC961E54A56800FFC7EA /* Constants.swift */,
			);
			name = Data;
			sourceTree = "<group>";
		};
		E8E0EC9A1E54AE4000FFC7EA /* TodayProduct */ = {
			isa = PBXGroup;
			children = (
				E8E0EC8B1E54869800FFC7EA /* TodayProductCollectionCell.swift */,
				E8E0EC871E5484A500FFC7EA /* TodayProductTableViewCell.swift */,
			);
			name = TodayProduct;
			sourceTree = "<group>";
		};
		E8E0EC9B1E54AE5300FFC7EA /* SubCategory */ = {
			isa = PBXGroup;
			children = (
				E8E0EC9C1E54AF0700FFC7EA /* SubCategoryCollectionViewCell.swift */,
				E8EDFFBC1E556EC700810F03 /* SubCategoryHeaderCollectionReusableView.swift */,
			);
			name = SubCategory;
			sourceTree = "<group>";
		};
		E8ED8EB51E5DEE62004C6129 /* CategoryViewController */ = {
			isa = PBXGroup;
			children = (
				E8E0EC851E547DA000FFC7EA /* CategoryViewTableViewController.swift */,
			);
			name = CategoryViewController;
			sourceTree = "<group>";
		};
		E8ED9B271E56074E00400BD9 /* SubCategory */ = {
			isa = PBXGroup;
			children = (
				E8EDFFB81E555C1B00810F03 /* SubCategoryCollectionViewController.swift */,
			);
			name = SubCategory;
			sourceTree = "<group>";
		};
		E8ED9B281E56076E00400BD9 /* DetailShoppingList */ = {
			isa = PBXGroup;
			children = (
				E8ED9B251E5601E500400BD9 /* DetailShoppingListViewController.swift */,
				E8BB834C1E60A95E00DBDB8E /* TodayProductTableViewController.swift */,
			);
			name = DetailShoppingList;
			sourceTree = "<group>";
		};
		E8EDFFE91E558B1D00810F03 /* DetailProduct */ = {
			isa = PBXGroup;
			children = (
				E8EDFFEA1E558B5D00810F03 /* DetailImageTableViewCell.swift */,
				E8EDFFEC1E558B8400810F03 /* DetailDescriptionTableViewCell.swift */,
			);
			name = DetailProduct;
			sourceTree = "<group>";
		};
		E8EE4FB81E540678007E3667 = {
			isa = PBXGroup;
			children = (
				E8EE4FC31E540678007E3667 /* MarketRush */,
				E8EE4FC21E540678007E3667 /* Products */,
				C352DCBA2BC94499A10DA206 /* Pods */,
				8A37C4F4FA967E8683450A57 /* Frameworks */,
			);
			sourceTree = "<group>";
		};
		E8EE4FC21E540678007E3667 /* Products */ = {
			isa = PBXGroup;
			children = (
				E8EE4FC11E540678007E3667 /* MarketRush.app */,
			);
			name = Products;
			sourceTree = "<group>";
		};
		E8EE4FC31E540678007E3667 /* MarketRush */ = {
			isa = PBXGroup;
			children = (
				E8D882781E56179000C33D1B /* Resource */,
				E804EA4C1E5425E600657D20 /* Model */,
				E8E0EC8D1E54892000FFC7EA /* Data */,
				E804EA4D1E5425F300657D20 /* View */,
				E804EA4E1E54260500657D20 /* Controller */,
				E8EE4FC41E540678007E3667 /* AppDelegate.swift */,
				E8BB834E1E60CCBA00DBDB8E /* ViewController 05-17-16-786.swift */,
				E8EE4FCB1E540678007E3667 /* Assets.xcassets */,
				E8EE4FCD1E540678007E3667 /* LaunchScreen.storyboard */,
				E8EE4FD01E540678007E3667 /* Info.plist */,
			);
			path = MarketRush;
			sourceTree = "<group>";
		};
/* End PBXGroup section */

/* Begin PBXNativeTarget section */
		E8EE4FC01E540678007E3667 /* MarketRush */ = {
			isa = PBXNativeTarget;
			buildConfigurationList = E8EE4FD31E540678007E3667 /* Build configuration list for PBXNativeTarget "MarketRush" */;
			buildPhases = (
				5BAF18CE502B8B6EEFCF6C56 /* [CP] Check Pods Manifest.lock */,
				E8EE4FBD1E540678007E3667 /* Sources */,
				E8EE4FBE1E540678007E3667 /* Frameworks */,
				E8EE4FBF1E540678007E3667 /* Resources */,
				3A1C175436588A669E03B102 /* [CP] Embed Pods Frameworks */,
				F267E861D0E6ACDFD4F77CD5 /* [CP] Copy Pods Resources */,
			);
			buildRules = (
			);
			dependencies = (
			);
			name = MarketRush;
			productName = MarketRush;
			productReference = E8EE4FC11E540678007E3667 /* MarketRush.app */;
			productType = "com.apple.product-type.application";
		};
/* End PBXNativeTarget section */

/* Begin PBXProject section */
		E8EE4FB91E540678007E3667 /* Project object */ = {
			isa = PBXProject;
			attributes = {
				LastSwiftUpdateCheck = 0820;
				LastUpgradeCheck = 0820;
				ORGANIZATIONNAME = "Sarah Yoon";
				TargetAttributes = {
					E8EE4FC01E540678007E3667 = {
						CreatedOnToolsVersion = 8.2.1;
						DevelopmentTeam = 6GK85R4835;
						ProvisioningStyle = Automatic;
					};
				};
			};
			buildConfigurationList = E8EE4FBC1E540678007E3667 /* Build configuration list for PBXProject "MarketRush" */;
			compatibilityVersion = "Xcode 3.2";
			developmentRegion = English;
			hasScannedForEncodings = 0;
			knownRegions = (
				en,
				Base,
			);
			mainGroup = E8EE4FB81E540678007E3667;
			productRefGroup = E8EE4FC21E540678007E3667 /* Products */;
			projectDirPath = "";
			projectRoot = "";
			targets = (
				E8EE4FC01E540678007E3667 /* MarketRush */,
			);
		};
/* End PBXProject section */

/* Begin PBXResourcesBuildPhase section */
		E8EE4FBF1E540678007E3667 /* Resources */ = {
			isa = PBXResourcesBuildPhase;
			buildActionMask = 2147483647;
			files = (
				E8E748DD1E5C937E006C6245 /* oil150.png in Resources */,
				E8E748E61E5C9528006C6245 /* bread150.png in Resources */,
				E8BB83471E60A03600DBDB8E /* noodles.png in Resources */,
				E8BB834A1E60A03600DBDB8E /* strawberry.png in Resources */,
				E8EE4FCF1E540678007E3667 /* LaunchScreen.storyboard in Resources */,
				E8E748E31E5C937E006C6245 /* dairy150.png in Resources */,
				E8E748E81E5C952B006C6245 /* nuts150.png in Resources */,
				E8EE4FCC1E540678007E3667 /* Assets.xcassets in Resources */,
				E8BB83411E60A02D00DBDB8E /* juice.png in Resources */,
				E8BB834B1E60A03600DBDB8E /* namul.png in Resources */,
				E8E748DE1E5C937E006C6245 /* vege150.png in Resources */,
				E8E748E21E5C937E006C6245 /* cereal150.png in Resources */,
				E8D8827A1E5617A600C33D1B /* shopping-cart.png in Resources */,
				E8E748E41E5C937E006C6245 /* fruits150.png in Resources */,
				E8E748E01E5C937E006C6245 /* drink150.png in Resources */,
				E8BB83491E60A03600DBDB8E /* chicken.png in Resources */,
				E8E748DF1E5C937E006C6245 /* rice150.png in Resources */,
				E8E748E11E5C937E006C6245 /* meat150.png in Resources */,
				E8BB83481E60A03600DBDB8E /* rice.png in Resources */,
				E81F04281E5AD30A006E9AED /* Main.storyboard in Resources */,
			);
			runOnlyForDeploymentPostprocessing = 0;
		};
/* End PBXResourcesBuildPhase section */

/* Begin PBXShellScriptBuildPhase section */
		3A1C175436588A669E03B102 /* [CP] Embed Pods Frameworks */ = {
			isa = PBXShellScriptBuildPhase;
			buildActionMask = 2147483647;
			files = (
			);
			inputPaths = (
			);
			name = "[CP] Embed Pods Frameworks";
			outputPaths = (
			);
			runOnlyForDeploymentPostprocessing = 0;
			shellPath = /bin/sh;
			shellScript = "\"${SRCROOT}/Pods/Target Support Files/Pods-MarketRush/Pods-MarketRush-frameworks.sh\"\n";
			showEnvVarsInLog = 0;
		};
		5BAF18CE502B8B6EEFCF6C56 /* [CP] Check Pods Manifest.lock */ = {
			isa = PBXShellScriptBuildPhase;
			buildActionMask = 2147483647;
			files = (
			);
			inputPaths = (
			);
			name = "[CP] Check Pods Manifest.lock";
			outputPaths = (
			);
			runOnlyForDeploymentPostprocessing = 0;
			shellPath = /bin/sh;
			shellScript = "diff \"${PODS_ROOT}/../Podfile.lock\" \"${PODS_ROOT}/Manifest.lock\" > /dev/null\nif [ $? != 0 ] ; then\n    # print error to STDERR\n    echo \"error: The sandbox is not in sync with the Podfile.lock. Run 'pod install' or update your CocoaPods installation.\" >&2\n    exit 1\nfi\n";
			showEnvVarsInLog = 0;
		};
		F267E861D0E6ACDFD4F77CD5 /* [CP] Copy Pods Resources */ = {
			isa = PBXShellScriptBuildPhase;
			buildActionMask = 2147483647;
			files = (
			);
			inputPaths = (
			);
			name = "[CP] Copy Pods Resources";
			outputPaths = (
			);
			runOnlyForDeploymentPostprocessing = 0;
			shellPath = /bin/sh;
			shellScript = "\"${SRCROOT}/Pods/Target Support Files/Pods-MarketRush/Pods-MarketRush-resources.sh\"\n";
			showEnvVarsInLog = 0;
		};
/* End PBXShellScriptBuildPhase section */

/* Begin PBXSourcesBuildPhase section */
		E8EE4FBD1E540678007E3667 /* Sources */ = {
			isa = PBXSourcesBuildPhase;
			buildActionMask = 2147483647;
			files = (
				E8ED9B2A1E56092100400BD9 /* DetailShoppingListTableViewCell.swift in Sources */,
				E8E0EC971E54A56800FFC7EA /* Constants.swift in Sources */,
				E8E0EC861E547DA000FFC7EA /* CategoryViewTableViewController.swift in Sources */,
				E8EDFFED1E558B8400810F03 /* DetailDescriptionTableViewCell.swift in Sources */,
				E8E0EC881E5484A500FFC7EA /* TodayProductTableViewCell.swift in Sources */,
				E8BB834F1E60CCBA00DBDB8E /* ViewController 05-17-16-786.swift in Sources */,
				E8E0EC931E5499C200FFC7EA /* Item.swift in Sources */,
				E8EDFFEB1E558B5D00810F03 /* DetailImageTableViewCell.swift in Sources */,
				E8EE4FC51E540678007E3667 /* AppDelegate.swift in Sources */,
				E8EDFFB91E555C1B00810F03 /* SubCategoryCollectionViewController.swift in Sources */,
				E8E0EC8A1E5484F000FFC7EA /* CategoryTableViewCell.swift in Sources */,
				E8BB833E1E6064F500DBDB8E /* TodayProduct.swift in Sources */,
				E8ED9B261E5601E500400BD9 /* DetailShoppingListViewController.swift in Sources */,
				E8E0EC9D1E54AF0700FFC7EA /* SubCategoryCollectionViewCell.swift in Sources */,
				E8EDFFBD1E556EC700810F03 /* SubCategoryHeaderCollectionReusableView.swift in Sources */,
				E8E0EC911E54999300FFC7EA /* Query.swift in Sources */,
				E8BB834D1E60A95E00DBDB8E /* TodayProductTableViewController.swift in Sources */,
				E81F042A1E5AEC5A006E9AED /* TableViewCell.swift in Sources */,
				E8ED9B201E55D6E600400BD9 /* ProductDetailViewController.swift in Sources */,
				E8E0EC8C1E54869800FFC7EA /* TodayProductCollectionCell.swift in Sources */,
				E882CACD1E56ED1C000EC8F6 /* ListofItems.swift in Sources */,
				E8E0EC8F1E54894100FFC7EA /* DataController.swift in Sources */,
			);
			runOnlyForDeploymentPostprocessing = 0;
		};
/* End PBXSourcesBuildPhase section */

/* Begin PBXVariantGroup section */
		E8EE4FCD1E540678007E3667 /* LaunchScreen.storyboard */ = {
			isa = PBXVariantGroup;
			children = (
				E8EE4FCE1E540678007E3667 /* Base */,
			);
			name = LaunchScreen.storyboard;
			sourceTree = "<group>";
		};
/* End PBXVariantGroup section */

/* Begin XCBuildConfiguration section */
		E8EE4FD11E540678007E3667 /* Debug */ = {
			isa = XCBuildConfiguration;
			buildSettings = {
				ALWAYS_SEARCH_USER_PATHS = NO;
				CLANG_ANALYZER_NONNULL = YES;
				CLANG_CXX_LANGUAGE_STANDARD = "gnu++0x";
				CLANG_CXX_LIBRARY = "libc++";
				CLANG_ENABLE_MODULES = YES;
				CLANG_ENABLE_OBJC_ARC = YES;
				CLANG_WARN_BOOL_CONVERSION = YES;
				CLANG_WARN_CONSTANT_CONVERSION = YES;
				CLANG_WARN_DIRECT_OBJC_ISA_USAGE = YES_ERROR;
				CLANG_WARN_DOCUMENTATION_COMMENTS = YES;
				CLANG_WARN_EMPTY_BODY = YES;
				CLANG_WARN_ENUM_CONVERSION = YES;
				CLANG_WARN_INFINITE_RECURSION = YES;
				CLANG_WARN_INT_CONVERSION = YES;
				CLANG_WARN_OBJC_ROOT_CLASS = YES_ERROR;
				CLANG_WARN_SUSPICIOUS_MOVE = YES;
				CLANG_WARN_UNREACHABLE_CODE = YES;
				CLANG_WARN__DUPLICATE_METHOD_MATCH = YES;
				"CODE_SIGN_IDENTITY[sdk=iphoneos*]" = "iPhone Developer";
				COPY_PHASE_STRIP = NO;
				DEBUG_INFORMATION_FORMAT = dwarf;
				ENABLE_STRICT_OBJC_MSGSEND = YES;
				ENABLE_TESTABILITY = YES;
				GCC_C_LANGUAGE_STANDARD = gnu99;
				GCC_DYNAMIC_NO_PIC = NO;
				GCC_NO_COMMON_BLOCKS = YES;
				GCC_OPTIMIZATION_LEVEL = 0;
				GCC_PREPROCESSOR_DEFINITIONS = (
					"DEBUG=1",
					"$(inherited)",
				);
				GCC_WARN_64_TO_32_BIT_CONVERSION = YES;
				GCC_WARN_ABOUT_RETURN_TYPE = YES_ERROR;
				GCC_WARN_UNDECLARED_SELECTOR = YES;
				GCC_WARN_UNINITIALIZED_AUTOS = YES_AGGRESSIVE;
				GCC_WARN_UNUSED_FUNCTION = YES;
				GCC_WARN_UNUSED_VARIABLE = YES;
				IPHONEOS_DEPLOYMENT_TARGET = 10.2;
				MTL_ENABLE_DEBUG_INFO = YES;
				ONLY_ACTIVE_ARCH = YES;
				SDKROOT = iphoneos;
				SWIFT_ACTIVE_COMPILATION_CONDITIONS = DEBUG;
				SWIFT_OPTIMIZATION_LEVEL = "-Onone";
			};
			name = Debug;
		};
		E8EE4FD21E540678007E3667 /* Release */ = {
			isa = XCBuildConfiguration;
			buildSettings = {
				ALWAYS_SEARCH_USER_PATHS = NO;
				CLANG_ANALYZER_NONNULL = YES;
				CLANG_CXX_LANGUAGE_STANDARD = "gnu++0x";
				CLANG_CXX_LIBRARY = "libc++";
				CLANG_ENABLE_MODULES = YES;
				CLANG_ENABLE_OBJC_ARC = YES;
				CLANG_WARN_BOOL_CONVERSION = YES;
				CLANG_WARN_CONSTANT_CONVERSION = YES;
				CLANG_WARN_DIRECT_OBJC_ISA_USAGE = YES_ERROR;
				CLANG_WARN_DOCUMENTATION_COMMENTS = YES;
				CLANG_WARN_EMPTY_BODY = YES;
				CLANG_WARN_ENUM_CONVERSION = YES;
				CLANG_WARN_INFINITE_RECURSION = YES;
				CLANG_WARN_INT_CONVERSION = YES;
				CLANG_WARN_OBJC_ROOT_CLASS = YES_ERROR;
				CLANG_WARN_SUSPICIOUS_MOVE = YES;
				CLANG_WARN_UNREACHABLE_CODE = YES;
				CLANG_WARN__DUPLICATE_METHOD_MATCH = YES;
				"CODE_SIGN_IDENTITY[sdk=iphoneos*]" = "iPhone Developer";
				COPY_PHASE_STRIP = NO;
				DEBUG_INFORMATION_FORMAT = "dwarf-with-dsym";
				ENABLE_NS_ASSERTIONS = NO;
				ENABLE_STRICT_OBJC_MSGSEND = YES;
				GCC_C_LANGUAGE_STANDARD = gnu99;
				GCC_NO_COMMON_BLOCKS = YES;
				GCC_WARN_64_TO_32_BIT_CONVERSION = YES;
				GCC_WARN_ABOUT_RETURN_TYPE = YES_ERROR;
				GCC_WARN_UNDECLARED_SELECTOR = YES;
				GCC_WARN_UNINITIALIZED_AUTOS = YES_AGGRESSIVE;
				GCC_WARN_UNUSED_FUNCTION = YES;
				GCC_WARN_UNUSED_VARIABLE = YES;
				IPHONEOS_DEPLOYMENT_TARGET = 10.2;
				MTL_ENABLE_DEBUG_INFO = NO;
				SDKROOT = iphoneos;
				SWIFT_OPTIMIZATION_LEVEL = "-Owholemodule";
				VALIDATE_PRODUCT = YES;
			};
			name = Release;
		};
		E8EE4FD41E540678007E3667 /* Debug */ = {
			isa = XCBuildConfiguration;
			baseConfigurationReference = 1915AC7D66431D364CD5AC24 /* Pods-MarketRush.debug.xcconfig */;
			buildSettings = {
				ASSETCATALOG_COMPILER_APPICON_NAME = AppIcon;
				DEVELOPMENT_TEAM = 6GK85R4835;
				INFOPLIST_FILE = MarketRush/Info.plist;
				LD_RUNPATH_SEARCH_PATHS = "$(inherited) @executable_path/Frameworks";
				PRODUCT_BUNDLE_IDENTIFIER = com.Boostcamp.MarketRush;
				PRODUCT_NAME = "$(TARGET_NAME)";
				SWIFT_VERSION = 3.0;
			};
			name = Debug;
		};
		E8EE4FD51E540678007E3667 /* Release */ = {
			isa = XCBuildConfiguration;
			baseConfigurationReference = AAFE5E9FA89BD6C318B8EE2A /* Pods-MarketRush.release.xcconfig */;
			buildSettings = {
				ASSETCATALOG_COMPILER_APPICON_NAME = AppIcon;
				DEVELOPMENT_TEAM = 6GK85R4835;
				INFOPLIST_FILE = MarketRush/Info.plist;
				LD_RUNPATH_SEARCH_PATHS = "$(inherited) @executable_path/Frameworks";
				PRODUCT_BUNDLE_IDENTIFIER = com.Boostcamp.MarketRush;
				PRODUCT_NAME = "$(TARGET_NAME)";
				SWIFT_VERSION = 3.0;
			};
			name = Release;
		};
/* End XCBuildConfiguration section */

/* Begin XCConfigurationList section */
		E8EE4FBC1E540678007E3667 /* Build configuration list for PBXProject "MarketRush" */ = {
			isa = XCConfigurationList;
			buildConfigurations = (
				E8EE4FD11E540678007E3667 /* Debug */,
				E8EE4FD21E540678007E3667 /* Release */,
			);
			defaultConfigurationIsVisible = 0;
			defaultConfigurationName = Release;
		};
		E8EE4FD31E540678007E3667 /* Build configuration list for PBXNativeTarget "MarketRush" */ = {
			isa = XCConfigurationList;
			buildConfigurations = (
				E8EE4FD41E540678007E3667 /* Debug */,
				E8EE4FD51E540678007E3667 /* Release */,
			);
			defaultConfigurationIsVisible = 0;
			defaultConfigurationName = Release;
		};
/* End XCConfigurationList section */
	};
	rootObject = E8EE4FB91E540678007E3667 /* Project object */;
}
